
Microsoft Visual Studio Solution File, Format Version 12.00
# Visual Studio Version 17
VisualStudioVersion = 17.7.34031.279
MinimumVisualStudioVersion = 10.0.40219.1
Project("{9A19103F-16F7-4668-BE54-9A1E7A4F7556}") = "backend", "backend\backend.csproj", "{90448643-4753-4EDB-ACFE-3C158CEA06D6}"
EndProject
Project("{9A19103F-16F7-4668-BE54-9A1E7A4F7556}") = "Tests", "Tests\Tests.csproj", "{D7448CA0-4407-43CE-8B16-6657A481051D}"
EndProject
Global
	GlobalSection(SolutionConfigurationPlatforms) = preSolution
		Debug|Any CPU = Debug|Any CPU
		Release|Any CPU = Release|Any CPU
	EndGlobalSection
	GlobalSection(ProjectConfigurationPlatforms) = postSolution
		{90448643-4753-4EDB-ACFE-3C158CEA06D6}.Debug|Any CPU.ActiveCfg = Debug|Any CPU
		{90448643-4753-4EDB-ACFE-3C158CEA06D6}.Debug|Any CPU.Build.0 = Debug|Any CPU
		{90448643-4753-4EDB-ACFE-3C158CEA06D6}.Release|Any CPU.ActiveCfg = Release|Any CPU
		{90448643-4753-4EDB-ACFE-3C158CEA06D6}.Release|Any CPU.Build.0 = Release|Any CPU
		{D7448CA0-4407-43CE-8B16-6657A481051D}.Debug|Any CPU.ActiveCfg = Debug|Any CPU
		{D7448CA0-4407-43CE-8B16-6657A481051D}.Debug|Any CPU.Build.0 = Debug|Any CPU
		{D7448CA0-4407-43CE-8B16-6657A481051D}.Release|Any CPU.ActiveCfg = Release|Any CPU
		{D7448CA0-4407-43CE-8B16-6657A481051D}.Release|Any CPU.Build.0 = Release|Any CPU
	EndGlobalSection
	GlobalSection(SolutionProperties) = preSolution
		HideSolutionNode = FALSE
	EndGlobalSection
	GlobalSection(ExtensibilityGlobals) = postSolution
		SolutionGuid = {07C702E1-1FE0-48ED-9291-E12268917E9C}
	EndGlobalSection
EndGlobal
