
Microsoft Visual Studio Solution File, Format Version 12.00
# Visual Studio Version 17
VisualStudioVersion = 17.7.34031.279
MinimumVisualStudioVersion = 10.0.40219.1
Project("{9A19103F-16F7-4668-BE54-9A1E7A4F7556}") = "backend", "backend\backend.csproj", "{90448643-4753-4EDB-ACFE-3C158CEA06D6}"
EndProject
Project("{9A19103F-16F7-4668-BE54-9A1E7A4F7556}") = "UnitTests", "Tests\UnitTests.csproj", "{D7448CA0-4407-43CE-8B16-6657A481051D}"
EndProject
Project("{9A19103F-16F7-4668-BE54-9A1E7A4F7556}") = "IntegrationTests", "IntegrationTests\IntegrationTests.csproj", "{FC22ADBB-81FB-4195-A4B5-8DBB23155DC0}"
EndProject
Project("{FAE04EC0-301F-11D3-BF4B-00C04F79EFBC}") = "Tests.Shared", "Tests.Shared\Tests.Shared.csproj", "{914BB78A-7C26-4331-A4B9-BFC1EC3307E1}"
EndProject
Global
	GlobalSection(SolutionConfigurationPlatforms) = preSolution
		Debug|Any CPU = Debug|Any CPU
		Release|Any CPU = Release|Any CPU
	EndGlobalSection
	GlobalSection(ProjectConfigurationPlatforms) = postSolution
		{90448643-4753-4EDB-ACFE-3C158CEA06D6}.Debug|Any CPU.ActiveCfg = Debug|Any CPU
		{90448643-4753-4EDB-ACFE-3C158CEA06D6}.Debug|Any CPU.Build.0 = Debug|Any CPU
		{90448643-4753-4EDB-ACFE-3C158CEA06D6}.Release|Any CPU.ActiveCfg = Release|Any CPU
		{90448643-4753-4EDB-ACFE-3C158CEA06D6}.Release|Any CPU.Build.0 = Release|Any CPU
		{D7448CA0-4407-43CE-8B16-6657A481051D}.Debug|Any CPU.ActiveCfg = Debug|Any CPU
		{D7448CA0-4407-43CE-8B16-6657A481051D}.Debug|Any CPU.Build.0 = Debug|Any CPU
		{D7448CA0-4407-43CE-8B16-6657A481051D}.Release|Any CPU.ActiveCfg = Release|Any CPU
		{D7448CA0-4407-43CE-8B16-6657A481051D}.Release|Any CPU.Build.0 = Release|Any CPU
		{FC22ADBB-81FB-4195-A4B5-8DBB23155DC0}.Debug|Any CPU.ActiveCfg = Debug|Any CPU
		{FC22ADBB-81FB-4195-A4B5-8DBB23155DC0}.Debug|Any CPU.Build.0 = Debug|Any CPU
		{FC22ADBB-81FB-4195-A4B5-8DBB23155DC0}.Release|Any CPU.ActiveCfg = Release|Any CPU
		{FC22ADBB-81FB-4195-A4B5-8DBB23155DC0}.Release|Any CPU.Build.0 = Release|Any CPU
		{914BB78A-7C26-4331-A4B9-BFC1EC3307E1}.Debug|Any CPU.ActiveCfg = Debug|Any CPU
		{914BB78A-7C26-4331-A4B9-BFC1EC3307E1}.Debug|Any CPU.Build.0 = Debug|Any CPU
		{914BB78A-7C26-4331-A4B9-BFC1EC3307E1}.Release|Any CPU.ActiveCfg = Release|Any CPU
		{914BB78A-7C26-4331-A4B9-BFC1EC3307E1}.Release|Any CPU.Build.0 = Release|Any CPU
	EndGlobalSection
	GlobalSection(SolutionProperties) = preSolution
		HideSolutionNode = FALSE
	EndGlobalSection
	GlobalSection(ExtensibilityGlobals) = postSolution
		SolutionGuid = {07C702E1-1FE0-48ED-9291-E12268917E9C}
	EndGlobalSection
EndGlobal
